
Microsoft Visual Studio Solution File, Format Version 12.00
# Visual Studio Version 16
VisualStudioVersion = 16.0.31424.327
MinimumVisualStudioVersion = 10.0.40219.1
Project("{FAE04EC0-301F-11D3-BF4B-00C04F79EFBC}") = "project1_password", "project1_password\project1_password.csproj", "{431E77F4-6690-420D-BD93-C5C1F58BECDC}"
EndProject
Global
	GlobalSection(SolutionConfigurationPlatforms) = preSolution
		Debug|Any CPU = Debug|Any CPU
		Release|Any CPU = Release|Any CPU
	EndGlobalSection
	GlobalSection(ProjectConfigurationPlatforms) = postSolution
		{431E77F4-6690-420D-BD93-C5C1F58BECDC}.Debug|Any CPU.ActiveCfg = Debug|Any CPU
		{431E77F4-6690-420D-BD93-C5C1F58BECDC}.Debug|Any CPU.Build.0 = Debug|Any CPU
		{431E77F4-6690-420D-BD93-C5C1F58BECDC}.Release|Any CPU.ActiveCfg = Release|Any CPU
		{431E77F4-6690-420D-BD93-C5C1F58BECDC}.Release|Any CPU.Build.0 = Release|Any CPU
	EndGlobalSection
	GlobalSection(SolutionProperties) = preSolution
		HideSolutionNode = FALSE
	EndGlobalSection
	GlobalSection(ExtensibilityGlobals) = postSolution
		SolutionGuid = {C9999B2F-32BF-4E7E-849A-4E36F9793FB7}
	EndGlobalSection
EndGlobal
